
Microsoft Visual Studio Solution File, Format Version 12.00
# Visual Studio Version 17
VisualStudioVersion = 17.9.34728.123
MinimumVisualStudioVersion = 10.0.40219.1
Project("{FAE04EC0-301F-11D3-BF4B-00C04F79EFBC}") = "Lab-01CS", "Lab-01CS\Lab-01CS.csproj", "{8D3B5122-844F-484E-98C3-40D3EFB0ED14}"
EndProject
Global
	GlobalSection(SolutionConfigurationPlatforms) = preSolution
		Debug|Any CPU = Debug|Any CPU
		Release|Any CPU = Release|Any CPU
	EndGlobalSection
	GlobalSection(ProjectConfigurationPlatforms) = postSolution
		{8D3B5122-844F-484E-98C3-40D3EFB0ED14}.Debug|Any CPU.ActiveCfg = Debug|Any CPU
		{8D3B5122-844F-484E-98C3-40D3EFB0ED14}.Debug|Any CPU.Build.0 = Debug|Any CPU
		{8D3B5122-844F-484E-98C3-40D3EFB0ED14}.Release|Any CPU.ActiveCfg = Release|Any CPU
		{8D3B5122-844F-484E-98C3-40D3EFB0ED14}.Release|Any CPU.Build.0 = Release|Any CPU
	EndGlobalSection
	GlobalSection(SolutionProperties) = preSolution
		HideSolutionNode = FALSE
	EndGlobalSection
	GlobalSection(ExtensibilityGlobals) = postSolution
		SolutionGuid = {3FFD4C9E-3FF7-42ED-8DF7-1C364A70E4DF}
	EndGlobalSection
EndGlobal
